// !$*UTF8*$!
{
	archiveVersion = 1;
	classes = {
	};
	objectVersion = 46;
	objects = {

/* Begin PBXBuildFile section */
		FC4A51C8185292C4000104BD /* Foundation.framework in Frameworks */ = {isa = PBXBuildFile; fileRef = FC4A51C7185292C4000104BD /* Foundation.framework */; };
		FC4A51CA185292C4000104BD /* CoreGraphics.framework in Frameworks */ = {isa = PBXBuildFile; fileRef = FC4A51C9185292C4000104BD /* CoreGraphics.framework */; };
		FC4A51CC185292C4000104BD /* UIKit.framework in Frameworks */ = {isa = PBXBuildFile; fileRef = FC4A51CB185292C4000104BD /* UIKit.framework */; };
		FC4A51D2185292C4000104BD /* InfoPlist.strings in Resources */ = {isa = PBXBuildFile; fileRef = FC4A51D0185292C4000104BD /* InfoPlist.strings */; };
		FC4A51D4185292C4000104BD /* main.m in Sources */ = {isa = PBXBuildFile; fileRef = FC4A51D3185292C4000104BD /* main.m */; };
		FC4A51D8185292C4000104BD /* RidersAppDelegate.m in Sources */ = {isa = PBXBuildFile; fileRef = FC4A51D7185292C4000104BD /* RidersAppDelegate.m */; };
		FC4A51DB185292C4000104BD /* Main.storyboard in Resources */ = {isa = PBXBuildFile; fileRef = FC4A51D9185292C4000104BD /* Main.storyboard */; };
		FC4A51DE185292C4000104BD /* RidersViewController.m in Sources */ = {isa = PBXBuildFile; fileRef = FC4A51DD185292C4000104BD /* RidersViewController.m */; };
		FC4A51E0185292C4000104BD /* Images.xcassets in Resources */ = {isa = PBXBuildFile; fileRef = FC4A51DF185292C4000104BD /* Images.xcassets */; };
		FC4A51E7185292C4000104BD /* XCTest.framework in Frameworks */ = {isa = PBXBuildFile; fileRef = FC4A51E6185292C4000104BD /* XCTest.framework */; };
		FC4A51E8185292C4000104BD /* Foundation.framework in Frameworks */ = {isa = PBXBuildFile; fileRef = FC4A51C7185292C4000104BD /* Foundation.framework */; };
		FC4A51E9185292C4000104BD /* UIKit.framework in Frameworks */ = {isa = PBXBuildFile; fileRef = FC4A51CB185292C4000104BD /* UIKit.framework */; };
		FC4A51F1185292C4000104BD /* InfoPlist.strings in Resources */ = {isa = PBXBuildFile; fileRef = FC4A51EF185292C4000104BD /* InfoPlist.strings */; };
		FC4A51F3185292C4000104BD /* RidersTests.m in Sources */ = {isa = PBXBuildFile; fileRef = FC4A51F2185292C4000104BD /* RidersTests.m */; };
		FC4A51FE1852C93D000104BD /* MapViewController.m in Sources */ = {isa = PBXBuildFile; fileRef = FC4A51FD1852C93D000104BD /* MapViewController.m */; };
		FC4A52011852CA37000104BD /* PeopleViewController.m in Sources */ = {isa = PBXBuildFile; fileRef = FC4A52001852CA37000104BD /* PeopleViewController.m */; };
		FC4A52041852CA97000104BD /* PlacesViewController.m in Sources */ = {isa = PBXBuildFile; fileRef = FC4A52031852CA97000104BD /* PlacesViewController.m */; };
		FC4A52071852CD35000104BD /* SyncViewController.m in Sources */ = {isa = PBXBuildFile; fileRef = FC4A52061852CD35000104BD /* SyncViewController.m */; };
/* End PBXBuildFile section */

/* Begin PBXContainerItemProxy section */
		FC4A51EA185292C4000104BD /* PBXContainerItemProxy */ = {
			isa = PBXContainerItemProxy;
			containerPortal = FC4A51BC185292C4000104BD /* Project object */;
			proxyType = 1;
			remoteGlobalIDString = FC4A51C3185292C4000104BD;
			remoteInfo = Riders;
		};
/* End PBXContainerItemProxy section */

/* Begin PBXFileReference section */
		FC4A51C4185292C4000104BD /* Riders.app */ = {isa = PBXFileReference; explicitFileType = wrapper.application; includeInIndex = 0; path = Riders.app; sourceTree = BUILT_PRODUCTS_DIR; };
		FC4A51C7185292C4000104BD /* Foundation.framework */ = {isa = PBXFileReference; lastKnownFileType = wrapper.framework; name = Foundation.framework; path = System/Library/Frameworks/Foundation.framework; sourceTree = SDKROOT; };
		FC4A51C9185292C4000104BD /* CoreGraphics.framework */ = {isa = PBXFileReference; lastKnownFileType = wrapper.framework; name = CoreGraphics.framework; path = System/Library/Frameworks/CoreGraphics.framework; sourceTree = SDKROOT; };
		FC4A51CB185292C4000104BD /* UIKit.framework */ = {isa = PBXFileReference; lastKnownFileType = wrapper.framework; name = UIKit.framework; path = System/Library/Frameworks/UIKit.framework; sourceTree = SDKROOT; };
		FC4A51CF185292C4000104BD /* Riders-Info.plist */ = {isa = PBXFileReference; lastKnownFileType = text.plist.xml; path = "Riders-Info.plist"; sourceTree = "<group>"; };
		FC4A51D1185292C4000104BD /* en */ = {isa = PBXFileReference; lastKnownFileType = text.plist.strings; name = en; path = en.lproj/InfoPlist.strings; sourceTree = "<group>"; };
		FC4A51D3185292C4000104BD /* main.m */ = {isa = PBXFileReference; lastKnownFileType = sourcecode.c.objc; path = main.m; sourceTree = "<group>"; };
		FC4A51D5185292C4000104BD /* Riders-Prefix.pch */ = {isa = PBXFileReference; lastKnownFileType = sourcecode.c.h; path = "Riders-Prefix.pch"; sourceTree = "<group>"; };
		FC4A51D6185292C4000104BD /* RidersAppDelegate.h */ = {isa = PBXFileReference; lastKnownFileType = sourcecode.c.h; path = RidersAppDelegate.h; sourceTree = "<group>"; };
		FC4A51D7185292C4000104BD /* RidersAppDelegate.m */ = {isa = PBXFileReference; lastKnownFileType = sourcecode.c.objc; path = RidersAppDelegate.m; sourceTree = "<group>"; };
		FC4A51DA185292C4000104BD /* Base */ = {isa = PBXFileReference; lastKnownFileType = file.storyboard; name = Base; path = Base.lproj/Main.storyboard; sourceTree = "<group>"; };
		FC4A51DC185292C4000104BD /* RidersViewController.h */ = {isa = PBXFileReference; lastKnownFileType = sourcecode.c.h; path = RidersViewController.h; sourceTree = "<group>"; };
		FC4A51DD185292C4000104BD /* RidersViewController.m */ = {isa = PBXFileReference; lastKnownFileType = sourcecode.c.objc; path = RidersViewController.m; sourceTree = "<group>"; };
		FC4A51DF185292C4000104BD /* Images.xcassets */ = {isa = PBXFileReference; lastKnownFileType = folder.assetcatalog; path = Images.xcassets; sourceTree = "<group>"; };
		FC4A51E5185292C4000104BD /* RidersTests.xctest */ = {isa = PBXFileReference; explicitFileType = wrapper.cfbundle; includeInIndex = 0; path = RidersTests.xctest; sourceTree = BUILT_PRODUCTS_DIR; };
		FC4A51E6185292C4000104BD /* XCTest.framework */ = {isa = PBXFileReference; lastKnownFileType = wrapper.framework; name = XCTest.framework; path = Library/Frameworks/XCTest.framework; sourceTree = DEVELOPER_DIR; };
		FC4A51EE185292C4000104BD /* RidersTests-Info.plist */ = {isa = PBXFileReference; lastKnownFileType = text.plist.xml; path = "RidersTests-Info.plist"; sourceTree = "<group>"; };
		FC4A51F0185292C4000104BD /* en */ = {isa = PBXFileReference; lastKnownFileType = text.plist.strings; name = en; path = en.lproj/InfoPlist.strings; sourceTree = "<group>"; };
		FC4A51F2185292C4000104BD /* RidersTests.m */ = {isa = PBXFileReference; lastKnownFileType = sourcecode.c.objc; path = RidersTests.m; sourceTree = "<group>"; };
		FC4A51FC1852C93D000104BD /* MapViewController.h */ = {isa = PBXFileReference; fileEncoding = 4; lastKnownFileType = sourcecode.c.h; path = MapViewController.h; sourceTree = "<group>"; };
		FC4A51FD1852C93D000104BD /* MapViewController.m */ = {isa = PBXFileReference; fileEncoding = 4; lastKnownFileType = sourcecode.c.objc; path = MapViewController.m; sourceTree = "<group>"; };
		FC4A51FF1852CA37000104BD /* PeopleViewController.h */ = {isa = PBXFileReference; fileEncoding = 4; lastKnownFileType = sourcecode.c.h; path = PeopleViewController.h; sourceTree = "<group>"; };
		FC4A52001852CA37000104BD /* PeopleViewController.m */ = {isa = PBXFileReference; fileEncoding = 4; lastKnownFileType = sourcecode.c.objc; path = PeopleViewController.m; sourceTree = "<group>"; };
		FC4A52021852CA97000104BD /* PlacesViewController.h */ = {isa = PBXFileReference; fileEncoding = 4; lastKnownFileType = sourcecode.c.h; path = PlacesViewController.h; sourceTree = "<group>"; };
		FC4A52031852CA97000104BD /* PlacesViewController.m */ = {isa = PBXFileReference; fileEncoding = 4; lastKnownFileType = sourcecode.c.objc; path = PlacesViewController.m; sourceTree = "<group>"; };
		FC4A52051852CD35000104BD /* SyncViewController.h */ = {isa = PBXFileReference; fileEncoding = 4; lastKnownFileType = sourcecode.c.h; path = SyncViewController.h; sourceTree = "<group>"; };
		FC4A52061852CD35000104BD /* SyncViewController.m */ = {isa = PBXFileReference; fileEncoding = 4; lastKnownFileType = sourcecode.c.objc; path = SyncViewController.m; sourceTree = "<group>"; };
/* End PBXFileReference section */

/* Begin PBXFrameworksBuildPhase section */
		FC4A51C1185292C4000104BD /* Frameworks */ = {
			isa = PBXFrameworksBuildPhase;
			buildActionMask = 2147483647;
			files = (
				FC4A51CA185292C4000104BD /* CoreGraphics.framework in Frameworks */,
				FC4A51CC185292C4000104BD /* UIKit.framework in Frameworks */,
				FC4A51C8185292C4000104BD /* Foundation.framework in Frameworks */,
			);
			runOnlyForDeploymentPostprocessing = 0;
		};
		FC4A51E2185292C4000104BD /* Frameworks */ = {
			isa = PBXFrameworksBuildPhase;
			buildActionMask = 2147483647;
			files = (
				FC4A51E7185292C4000104BD /* XCTest.framework in Frameworks */,
				FC4A51E9185292C4000104BD /* UIKit.framework in Frameworks */,
				FC4A51E8185292C4000104BD /* Foundation.framework in Frameworks */,
			);
			runOnlyForDeploymentPostprocessing = 0;
		};
/* End PBXFrameworksBuildPhase section */

/* Begin PBXGroup section */
		FC4A51BB185292C4000104BD = {
			isa = PBXGroup;
			children = (
				FC4A51CD185292C4000104BD /* Riders */,
				FC4A51EC185292C4000104BD /* RidersTests */,
				FC4A51C6185292C4000104BD /* Frameworks */,
				FC4A51C5185292C4000104BD /* Products */,
			);
			sourceTree = "<group>";
		};
		FC4A51C5185292C4000104BD /* Products */ = {
			isa = PBXGroup;
			children = (
				FC4A51C4185292C4000104BD /* Riders.app */,
				FC4A51E5185292C4000104BD /* RidersTests.xctest */,
			);
			name = Products;
			sourceTree = "<group>";
		};
		FC4A51C6185292C4000104BD /* Frameworks */ = {
			isa = PBXGroup;
			children = (
				FC4A51C7185292C4000104BD /* Foundation.framework */,
				FC4A51C9185292C4000104BD /* CoreGraphics.framework */,
				FC4A51CB185292C4000104BD /* UIKit.framework */,
				FC4A51E6185292C4000104BD /* XCTest.framework */,
			);
			name = Frameworks;
			sourceTree = "<group>";
		};
		FC4A51CD185292C4000104BD /* Riders */ = {
			isa = PBXGroup;
			children = (
				FC4A51D6185292C4000104BD /* RidersAppDelegate.h */,
				FC4A51D7185292C4000104BD /* RidersAppDelegate.m */,
				FC4A51D9185292C4000104BD /* Main.storyboard */,
				FC4A51DC185292C4000104BD /* RidersViewController.h */,
				FC4A51DD185292C4000104BD /* RidersViewController.m */,
				FC4A51FC1852C93D000104BD /* MapViewController.h */,
				FC4A51FD1852C93D000104BD /* MapViewController.m */,
				FC4A51FF1852CA37000104BD /* PeopleViewController.h */,
				FC4A52001852CA37000104BD /* PeopleViewController.m */,
				FC4A52021852CA97000104BD /* PlacesViewController.h */,
				FC4A52031852CA97000104BD /* PlacesViewController.m */,
				FC4A52051852CD35000104BD /* SyncViewController.h */,
				FC4A52061852CD35000104BD /* SyncViewController.m */,
				FC4A51DF185292C4000104BD /* Images.xcassets */,
				FC4A51CE185292C4000104BD /* Supporting Files */,
			);
			path = Riders;
			sourceTree = "<group>";
		};
		FC4A51CE185292C4000104BD /* Supporting Files */ = {
			isa = PBXGroup;
			children = (
				FC4A51CF185292C4000104BD /* Riders-Info.plist */,
				FC4A51D0185292C4000104BD /* InfoPlist.strings */,
				FC4A51D3185292C4000104BD /* main.m */,
				FC4A51D5185292C4000104BD /* Riders-Prefix.pch */,
			);
			name = "Supporting Files";
			sourceTree = "<group>";
		};
		FC4A51EC185292C4000104BD /* RidersTests */ = {
			isa = PBXGroup;
			children = (
				FC4A51F2185292C4000104BD /* RidersTests.m */,
				FC4A51ED185292C4000104BD /* Supporting Files */,
			);
			path = RidersTests;
			sourceTree = "<group>";
		};
		FC4A51ED185292C4000104BD /* Supporting Files */ = {
			isa = PBXGroup;
			children = (
				FC4A51EE185292C4000104BD /* RidersTests-Info.plist */,
				FC4A51EF185292C4000104BD /* InfoPlist.strings */,
			);
			name = "Supporting Files";
			sourceTree = "<group>";
		};
/* End PBXGroup section */

/* Begin PBXNativeTarget section */
		FC4A51C3185292C4000104BD /* Riders */ = {
			isa = PBXNativeTarget;
			buildConfigurationList = FC4A51F6185292C4000104BD /* Build configuration list for PBXNativeTarget "Riders" */;
			buildPhases = (
				FC4A51C0185292C4000104BD /* Sources */,
				FC4A51C1185292C4000104BD /* Frameworks */,
				FC4A51C2185292C4000104BD /* Resources */,
			);
			buildRules = (
			);
			dependencies = (
			);
			name = Riders;
			productName = Riders;
			productReference = FC4A51C4185292C4000104BD /* Riders.app */;
			productType = "com.apple.product-type.application";
		};
		FC4A51E4185292C4000104BD /* RidersTests */ = {
			isa = PBXNativeTarget;
			buildConfigurationList = FC4A51F9185292C4000104BD /* Build configuration list for PBXNativeTarget "RidersTests" */;
			buildPhases = (
				FC4A51E1185292C4000104BD /* Sources */,
				FC4A51E2185292C4000104BD /* Frameworks */,
				FC4A51E3185292C4000104BD /* Resources */,
			);
			buildRules = (
			);
			dependencies = (
				FC4A51EB185292C4000104BD /* PBXTargetDependency */,
			);
			name = RidersTests;
			productName = RidersTests;
			productReference = FC4A51E5185292C4000104BD /* RidersTests.xctest */;
			productType = "com.apple.product-type.bundle.unit-test";
		};
/* End PBXNativeTarget section */

/* Begin PBXProject section */
		FC4A51BC185292C4000104BD /* Project object */ = {
			isa = PBXProject;
			attributes = {
				CLASSPREFIX = Riders;
				LastUpgradeCheck = 0500;
				ORGANIZATIONNAME = "Lienne Nguyen";
				TargetAttributes = {
					FC4A51E4185292C4000104BD = {
						TestTargetID = FC4A51C3185292C4000104BD;
					};
				};
			};
			buildConfigurationList = FC4A51BF185292C4000104BD /* Build configuration list for PBXProject "Riders" */;
			compatibilityVersion = "Xcode 3.2";
			developmentRegion = English;
			hasScannedForEncodings = 0;
			knownRegions = (
				en,
				Base,
			);
			mainGroup = FC4A51BB185292C4000104BD;
			productRefGroup = FC4A51C5185292C4000104BD /* Products */;
			projectDirPath = "";
			projectRoot = "";
			targets = (
				FC4A51C3185292C4000104BD /* Riders */,
				FC4A51E4185292C4000104BD /* RidersTests */,
			);
		};
/* End PBXProject section */

/* Begin PBXResourcesBuildPhase section */
		FC4A51C2185292C4000104BD /* Resources */ = {
			isa = PBXResourcesBuildPhase;
			buildActionMask = 2147483647;
			files = (
				FC4A51E0185292C4000104BD /* Images.xcassets in Resources */,
				FC4A51D2185292C4000104BD /* InfoPlist.strings in Resources */,
				FC4A51DB185292C4000104BD /* Main.storyboard in Resources */,
			);
			runOnlyForDeploymentPostprocessing = 0;
		};
		FC4A51E3185292C4000104BD /* Resources */ = {
			isa = PBXResourcesBuildPhase;
			buildActionMask = 2147483647;
			files = (
				FC4A51F1185292C4000104BD /* InfoPlist.strings in Resources */,
			);
			runOnlyForDeploymentPostprocessing = 0;
		};
/* End PBXResourcesBuildPhase section */

/* Begin PBXSourcesBuildPhase section */
		FC4A51C0185292C4000104BD /* Sources */ = {
			isa = PBXSourcesBuildPhase;
			buildActionMask = 2147483647;
			files = (
				FC4A52041852CA97000104BD /* PlacesViewController.m in Sources */,
				FC4A51DE185292C4000104BD /* RidersViewController.m in Sources */,
				FC4A51D4185292C4000104BD /* main.m in Sources */,
				FC4A51D8185292C4000104BD /* RidersAppDelegate.m in Sources */,
				FC4A52011852CA37000104BD /* PeopleViewController.m in Sources */,
				FC4A52071852CD35000104BD /* SyncViewController.m in Sources */,
				FC4A51FE1852C93D000104BD /* MapViewController.m in Sources */,
			);
			runOnlyForDeploymentPostprocessing = 0;
		};
		FC4A51E1185292C4000104BD /* Sources */ = {
			isa = PBXSourcesBuildPhase;
			buildActionMask = 2147483647;
			files = (
				FC4A51F3185292C4000104BD /* RidersTests.m in Sources */,
			);
			runOnlyForDeploymentPostprocessing = 0;
		};
/* End PBXSourcesBuildPhase section */

/* Begin PBXTargetDependency section */
		FC4A51EB185292C4000104BD /* PBXTargetDependency */ = {
			isa = PBXTargetDependency;
			target = FC4A51C3185292C4000104BD /* Riders */;
			targetProxy = FC4A51EA185292C4000104BD /* PBXContainerItemProxy */;
		};
/* End PBXTargetDependency section */

/* Begin PBXVariantGroup section */
		FC4A51D0185292C4000104BD /* InfoPlist.strings */ = {
			isa = PBXVariantGroup;
			children = (
				FC4A51D1185292C4000104BD /* en */,
			);
			name = InfoPlist.strings;
			sourceTree = "<group>";
		};
		FC4A51D9185292C4000104BD /* Main.storyboard */ = {
			isa = PBXVariantGroup;
			children = (
				FC4A51DA185292C4000104BD /* Base */,
			);
			name = Main.storyboard;
			sourceTree = "<group>";
		};
		FC4A51EF185292C4000104BD /* InfoPlist.strings */ = {
			isa = PBXVariantGroup;
			children = (
				FC4A51F0185292C4000104BD /* en */,
			);
			name = InfoPlist.strings;
			sourceTree = "<group>";
		};
/* End PBXVariantGroup section */

/* Begin XCBuildConfiguration section */
		FC4A51F4185292C4000104BD /* Debug */ = {
			isa = XCBuildConfiguration;
			buildSettings = {
				ALWAYS_SEARCH_USER_PATHS = NO;
				ARCHS = "$(ARCHS_STANDARD_INCLUDING_64_BIT)";
				CLANG_CXX_LANGUAGE_STANDARD = "gnu++0x";
				CLANG_CXX_LIBRARY = "libc++";
				CLANG_ENABLE_MODULES = YES;
				CLANG_ENABLE_OBJC_ARC = YES;
				CLANG_WARN_BOOL_CONVERSION = YES;
				CLANG_WARN_CONSTANT_CONVERSION = YES;
				CLANG_WARN_DIRECT_OBJC_ISA_USAGE = YES_ERROR;
				CLANG_WARN_EMPTY_BODY = YES;
				CLANG_WARN_ENUM_CONVERSION = YES;
				CLANG_WARN_INT_CONVERSION = YES;
				CLANG_WARN_OBJC_ROOT_CLASS = YES_ERROR;
				CLANG_WARN__DUPLICATE_METHOD_MATCH = YES;
				"CODE_SIGN_IDENTITY[sdk=iphoneos*]" = "iPhone Developer";
				COPY_PHASE_STRIP = NO;
				GCC_C_LANGUAGE_STANDARD = gnu99;
				GCC_DYNAMIC_NO_PIC = NO;
				GCC_OPTIMIZATION_LEVEL = 0;
				GCC_PREPROCESSOR_DEFINITIONS = (
					"DEBUG=1",
					"$(inherited)",
				);
				GCC_SYMBOLS_PRIVATE_EXTERN = NO;
				GCC_WARN_64_TO_32_BIT_CONVERSION = YES;
				GCC_WARN_ABOUT_RETURN_TYPE = YES_ERROR;
				GCC_WARN_UNDECLARED_SELECTOR = YES;
				GCC_WARN_UNINITIALIZED_AUTOS = YES;
				GCC_WARN_UNUSED_FUNCTION = YES;
				GCC_WARN_UNUSED_VARIABLE = YES;
				IPHONEOS_DEPLOYMENT_TARGET = 7.0;
				ONLY_ACTIVE_ARCH = YES;
				SDKROOT = iphoneos;
			};
			name = Debug;
		};
		FC4A51F5185292C4000104BD /* Release */ = {
			isa = XCBuildConfiguration;
			buildSettings = {
				ALWAYS_SEARCH_USER_PATHS = NO;
				ARCHS = "$(ARCHS_STANDARD_INCLUDING_64_BIT)";
				CLANG_CXX_LANGUAGE_STANDARD = "gnu++0x";
				CLANG_CXX_LIBRARY = "libc++";
				CLANG_ENABLE_MODULES = YES;
				CLANG_ENABLE_OBJC_ARC = YES;
				CLANG_WARN_BOOL_CONVERSION = YES;
				CLANG_WARN_CONSTANT_CONVERSION = YES;
				CLANG_WARN_DIRECT_OBJC_ISA_USAGE = YES_ERROR;
				CLANG_WARN_EMPTY_BODY = YES;
				CLANG_WARN_ENUM_CONVERSION = YES;
				CLANG_WARN_INT_CONVERSION = YES;
				CLANG_WARN_OBJC_ROOT_CLASS = YES_ERROR;
				CLANG_WARN__DUPLICATE_METHOD_MATCH = YES;
				"CODE_SIGN_IDENTITY[sdk=iphoneos*]" = "iPhone Developer";
				COPY_PHASE_STRIP = YES;
				ENABLE_NS_ASSERTIONS = NO;
				GCC_C_LANGUAGE_STANDARD = gnu99;
				GCC_WARN_64_TO_32_BIT_CONVERSION = YES;
				GCC_WARN_ABOUT_RETURN_TYPE = YES_ERROR;
				GCC_WARN_UNDECLARED_SELECTOR = YES;
				GCC_WARN_UNINITIALIZED_AUTOS = YES;
				GCC_WARN_UNUSED_FUNCTION = YES;
				GCC_WARN_UNUSED_VARIABLE = YES;
				IPHONEOS_DEPLOYMENT_TARGET = 7.0;
				SDKROOT = iphoneos;
				VALIDATE_PRODUCT = YES;
			};
			name = Release;
		};
		FC4A51F7185292C4000104BD /* Debug */ = {
			isa = XCBuildConfiguration;
			buildSettings = {
				ASSETCATALOG_COMPILER_APPICON_NAME = AppIcon;
				ASSETCATALOG_COMPILER_LAUNCHIMAGE_NAME = LaunchImage;
				GCC_PRECOMPILE_PREFIX_HEADER = YES;
				GCC_PREFIX_HEADER = "Riders/Riders-Prefix.pch";
				INFOPLIST_FILE = "Riders/Riders-Info.plist";
				PRODUCT_NAME = "$(TARGET_NAME)";
				WRAPPER_EXTENSION = app;
			};
			name = Debug;
		};
		FC4A51F8185292C4000104BD /* Release */ = {
			isa = XCBuildConfiguration;
			buildSettings = {
				ASSETCATALOG_COMPILER_APPICON_NAME = AppIcon;
				ASSETCATALOG_COMPILER_LAUNCHIMAGE_NAME = LaunchImage;
				GCC_PRECOMPILE_PREFIX_HEADER = YES;
				GCC_PREFIX_HEADER = "Riders/Riders-Prefix.pch";
				INFOPLIST_FILE = "Riders/Riders-Info.plist";
				PRODUCT_NAME = "$(TARGET_NAME)";
				WRAPPER_EXTENSION = app;
			};
			name = Release;
		};
		FC4A51FA185292C4000104BD /* Debug */ = {
			isa = XCBuildConfiguration;
			buildSettings = {
				ARCHS = "$(ARCHS_STANDARD_INCLUDING_64_BIT)";
				BUNDLE_LOADER = "$(BUILT_PRODUCTS_DIR)/Riders.app/Riders";
				FRAMEWORK_SEARCH_PATHS = (
					"$(SDKROOT)/Developer/Library/Frameworks",
					"$(inherited)",
					"$(DEVELOPER_FRAMEWORKS_DIR)",
				);
				GCC_PRECOMPILE_PREFIX_HEADER = YES;
				GCC_PREFIX_HEADER = "Riders/Riders-Prefix.pch";
				GCC_PREPROCESSOR_DEFINITIONS = (
					"DEBUG=1",
					"$(inherited)",
				);
				INFOPLIST_FILE = "RidersTests/RidersTests-Info.plist";
				PRODUCT_NAME = "$(TARGET_NAME)";
				TEST_HOST = "$(BUNDLE_LOADER)";
				WRAPPER_EXTENSION = xctest;
			};
			name = Debug;
		};
		FC4A51FB185292C4000104BD /* Release */ = {
			isa = XCBuildConfiguration;
			buildSettings = {
				ARCHS = "$(ARCHS_STANDARD_INCLUDING_64_BIT)";
				BUNDLE_LOADER = "$(BUILT_PRODUCTS_DIR)/Riders.app/Riders";
				FRAMEWORK_SEARCH_PATHS = (
					"$(SDKROOT)/Developer/Library/Frameworks",
					"$(inherited)",
					"$(DEVELOPER_FRAMEWORKS_DIR)",
				);
				GCC_PRECOMPILE_PREFIX_HEADER = YES;
				GCC_PREFIX_HEADER = "Riders/Riders-Prefix.pch";
				INFOPLIST_FILE = "RidersTests/RidersTests-Info.plist";
				PRODUCT_NAME = "$(TARGET_NAME)";
				TEST_HOST = "$(BUNDLE_LOADER)";
				WRAPPER_EXTENSION = xctest;
			};
			name = Release;
		};
/* End XCBuildConfiguration section */

/* Begin XCConfigurationList section */
		FC4A51BF185292C4000104BD /* Build configuration list for PBXProject "Riders" */ = {
			isa = XCConfigurationList;
			buildConfigurations = (
				FC4A51F4185292C4000104BD /* Debug */,
				FC4A51F5185292C4000104BD /* Release */,
			);
			defaultConfigurationIsVisible = 0;
			defaultConfigurationName = Release;
		};
		FC4A51F6185292C4000104BD /* Build configuration list for PBXNativeTarget "Riders" */ = {
			isa = XCConfigurationList;
			buildConfigurations = (
				FC4A51F7185292C4000104BD /* Debug */,
				FC4A51F8185292C4000104BD /* Release */,
			);
			defaultConfigurationIsVisible = 0;
		};
		FC4A51F9185292C4000104BD /* Build configuration list for PBXNativeTarget "RidersTests" */ = {
			isa = XCConfigurationList;
			buildConfigurations = (
				FC4A51FA185292C4000104BD /* Debug */,
				FC4A51FB185292C4000104BD /* Release */,
			);
			defaultConfigurationIsVisible = 0;
		};
/* End XCConfigurationList section */
	};
	rootObject = FC4A51BC185292C4000104BD /* Project object */;
}
